
Microsoft Visual Studio Solution File, Format Version 12.00
# Visual Studio 15
VisualStudioVersion = 15.0.28307.852
MinimumVisualStudioVersion = 10.0.40219.1
Project("{9A19103F-16F7-4668-BE54-9A1E7A4F7556}") = "WebPWrapper-Sdk", "WebPWrapper\WebPWrapper-Sdk.csproj", "{052564A1-DD53-4B1C-9B2C-BE0F9CE23A3E}"
EndProject
Project("{9A19103F-16F7-4668-BE54-9A1E7A4F7556}") = "WebPTest-Sdk", "WebPTest\WebPTest-Sdk.csproj", "{0A916B9F-6F1D-412B-913D-24567713CDE3}"
EndProject
Project("{9A19103F-16F7-4668-BE54-9A1E7A4F7556}") = "WebP42-Sdk", "WebP42\WebP42-Sdk.csproj", "{5AD52F53-E73B-40CF-82B2-CF60B933FCB4}"
EndProject
Project("{2150E333-8FDC-42A3-9474-1A3956D46DE8}") = "Solution Items", "Solution Items", "{7218A6E0-7E7E-413A-B5AF-E1FEBFC239D8}"
	ProjectSection(SolutionItems) = preProject
		Multi-targeting.txt = Multi-targeting.txt
	EndProjectSection
EndProject
Global
	GlobalSection(SolutionConfigurationPlatforms) = preSolution
		Debug|Any CPU = Debug|Any CPU
		Release|Any CPU = Release|Any CPU
	EndGlobalSection
	GlobalSection(ProjectConfigurationPlatforms) = postSolution
		{052564A1-DD53-4B1C-9B2C-BE0F9CE23A3E}.Debug|Any CPU.ActiveCfg = Debug|Any CPU
		{052564A1-DD53-4B1C-9B2C-BE0F9CE23A3E}.Debug|Any CPU.Build.0 = Debug|Any CPU
		{052564A1-DD53-4B1C-9B2C-BE0F9CE23A3E}.Release|Any CPU.ActiveCfg = Release|Any CPU
		{052564A1-DD53-4B1C-9B2C-BE0F9CE23A3E}.Release|Any CPU.Build.0 = Release|Any CPU
		{0A916B9F-6F1D-412B-913D-24567713CDE3}.Debug|Any CPU.ActiveCfg = Debug|Any CPU
		{0A916B9F-6F1D-412B-913D-24567713CDE3}.Debug|Any CPU.Build.0 = Debug|Any CPU
		{0A916B9F-6F1D-412B-913D-24567713CDE3}.Release|Any CPU.ActiveCfg = Release|Any CPU
		{0A916B9F-6F1D-412B-913D-24567713CDE3}.Release|Any CPU.Build.0 = Release|Any CPU
		{5AD52F53-E73B-40CF-82B2-CF60B933FCB4}.Debug|Any CPU.ActiveCfg = Debug|Any CPU
		{5AD52F53-E73B-40CF-82B2-CF60B933FCB4}.Debug|Any CPU.Build.0 = Debug|Any CPU
		{5AD52F53-E73B-40CF-82B2-CF60B933FCB4}.Release|Any CPU.ActiveCfg = Release|Any CPU
		{5AD52F53-E73B-40CF-82B2-CF60B933FCB4}.Release|Any CPU.Build.0 = Release|Any CPU
	EndGlobalSection
	GlobalSection(SolutionProperties) = preSolution
		HideSolutionNode = FALSE
	EndGlobalSection
	GlobalSection(ExtensibilityGlobals) = postSolution
		SolutionGuid = {7BC2E19C-309E-4FD2-AD7A-8DB0B02759C6}
	EndGlobalSection
EndGlobal
