
Microsoft Visual Studio Solution File, Format Version 12.00
# Visual Studio Version 16
VisualStudioVersion = 16.0.35931.194
MinimumVisualStudioVersion = 10.0.40219.1
Project("{FAE04EC0-301F-11D3-BF4B-00C04F79EFBC}") = "WebPWrapperLib", "WebPWrapperLib\WebPWrapperLib.csproj", "{935F7370-4266-43D1-B907-1322BDBCD6ED}"
EndProject
Project("{FAE04EC0-301F-11D3-BF4B-00C04F79EFBC}") = "WebPWrapper", "WebPWrapper\WebPWrapper.csproj", "{DAF13BD3-52B9-4FCB-89E9-49DEDF5E0F20}"
EndProject
Project("{FAE04EC0-301F-11D3-BF4B-00C04F79EFBC}") = "WebP42", "WebP42\WebP42.csproj", "{D67AB839-499B-4606-827E-07BE425C8D26}"
EndProject
Project("{FAE04EC0-301F-11D3-BF4B-00C04F79EFBC}") = "WebPDemo", "WebPDemo\WebPDemo.csproj", "{38700B2B-939E-439F-A975-E6FA91703BDB}"
EndProject
Global
	GlobalSection(SolutionConfigurationPlatforms) = preSolution
		Debug|Any CPU = Debug|Any CPU
		Release|Any CPU = Release|Any CPU
	EndGlobalSection
	GlobalSection(ProjectConfigurationPlatforms) = postSolution
		{935F7370-4266-43D1-B907-1322BDBCD6ED}.Debug|Any CPU.ActiveCfg = Debug|Any CPU
		{935F7370-4266-43D1-B907-1322BDBCD6ED}.Debug|Any CPU.Build.0 = Debug|Any CPU
		{935F7370-4266-43D1-B907-1322BDBCD6ED}.Release|Any CPU.ActiveCfg = Release|Any CPU
		{935F7370-4266-43D1-B907-1322BDBCD6ED}.Release|Any CPU.Build.0 = Release|Any CPU
		{DAF13BD3-52B9-4FCB-89E9-49DEDF5E0F20}.Debug|Any CPU.ActiveCfg = Debug|Any CPU
		{DAF13BD3-52B9-4FCB-89E9-49DEDF5E0F20}.Debug|Any CPU.Build.0 = Debug|Any CPU
		{DAF13BD3-52B9-4FCB-89E9-49DEDF5E0F20}.Release|Any CPU.ActiveCfg = Release|Any CPU
		{DAF13BD3-52B9-4FCB-89E9-49DEDF5E0F20}.Release|Any CPU.Build.0 = Release|Any CPU
		{D67AB839-499B-4606-827E-07BE425C8D26}.Debug|Any CPU.ActiveCfg = Debug|Any CPU
		{D67AB839-499B-4606-827E-07BE425C8D26}.Debug|Any CPU.Build.0 = Debug|Any CPU
		{D67AB839-499B-4606-827E-07BE425C8D26}.Release|Any CPU.ActiveCfg = Release|Any CPU
		{D67AB839-499B-4606-827E-07BE425C8D26}.Release|Any CPU.Build.0 = Release|Any CPU
		{38700B2B-939E-439F-A975-E6FA91703BDB}.Debug|Any CPU.ActiveCfg = Debug|Any CPU
		{38700B2B-939E-439F-A975-E6FA91703BDB}.Debug|Any CPU.Build.0 = Debug|Any CPU
		{38700B2B-939E-439F-A975-E6FA91703BDB}.Release|Any CPU.ActiveCfg = Release|Any CPU
		{38700B2B-939E-439F-A975-E6FA91703BDB}.Release|Any CPU.Build.0 = Release|Any CPU
	EndGlobalSection
	GlobalSection(SolutionProperties) = preSolution
		HideSolutionNode = FALSE
	EndGlobalSection
	GlobalSection(ExtensibilityGlobals) = postSolution
		SolutionGuid = {7BC2E19C-309E-4FD2-AD7A-8DB0B02759C6}
	EndGlobalSection
EndGlobal
